
Microsoft Visual Studio Solution File, Format Version 12.00
# Visual Studio Version 17
VisualStudioVersion = 17.4.33213.308
MinimumVisualStudioVersion = 10.0.40219.1
Project("{FAE04EC0-301F-11D3-BF4B-00C04F79EFBC}") = "Gw2Manager", "Gw2Manager.csproj", "{73523757-D936-4AB9-B117-335AF5548651}"
EndProject
Global
	GlobalSection(SolutionConfigurationPlatforms) = preSolution
		Debug|Any CPU = Debug|Any CPU
		Release|Any CPU = Release|Any CPU
	EndGlobalSection
	GlobalSection(ProjectConfigurationPlatforms) = postSolution
		{73523757-D936-4AB9-B117-335AF5548651}.Debug|Any CPU.ActiveCfg = Debug|Any CPU
		{73523757-D936-4AB9-B117-335AF5548651}.Debug|Any CPU.Build.0 = Debug|Any CPU
		{73523757-D936-4AB9-B117-335AF5548651}.Release|Any CPU.ActiveCfg = Release|Any CPU
		{73523757-D936-4AB9-B117-335AF5548651}.Release|Any CPU.Build.0 = Release|Any CPU
	EndGlobalSection
	GlobalSection(SolutionProperties) = preSolution
		HideSolutionNode = FALSE
	EndGlobalSection
	GlobalSection(ExtensibilityGlobals) = postSolution
		SolutionGuid = {071BF6C6-CB3A-4618-A04D-443A8E40EB84}
	EndGlobalSection
EndGlobal
